hash: 32882a2229a6a2a69c1a7e515794f43685de430a0d38ece5c90f6d03c107af6d
updated: 2017-06-05T11:13:18.224963678+08:00
imports:
- name: github.com/beorn7/perks
  version: 4c0e84591b9aa9e6dcfdf3e020114cd81f89d5f9
  subpackages:
  - quantile
- name: github.com/certifi/gocertifi
  version: 03be5e6bb9874570ea7fb0961225d193cbc374c5
- name: github.com/eddyzhou/log
  version: 7bb48022a30207a88b72245f639655e010475a13
- name: github.com/getsentry/raven-go
  version: 3f7439d3e74d88e21d196ba20eb61a5a958bc118
- name: github.com/golang/protobuf
  version: 8ee79997227bf9b34611aee7946ae64735e6fd93
  subpackages:
  - proto
- name: github.com/matttproud/golang_protobuf_extensions
  version: c12348ce28de40eed0136aa2b644d0ee0650e56c
  subpackages:
  - pbutil
- name: github.com/prometheus/client_golang
  version: c5b7fccd204277076155f10851dad72b76a49317
  subpackages:
  - prometheus
- name: github.com/prometheus/client_model
  version: 6f3806018612930941127f2a7c6c453ba2c527d2
  subpackages:
  - go
- name: github.com/prometheus/common
  version: 49fee292b27bfff7f354ee0f64e1bc4850462edf
  subpackages:
  - expfmt
  - internal/bitbucket.org/ww/goautoneg
  - model
- name: github.com/prometheus/procfs
  version: a1dba9ce8baed984a2495b658c82687f8157b98f
  subpackages:
  - xfs
testImports: []
